{
  "name": "Zenn",
  "version": "1.0.0",
  "lockfileVersion": 2,
  "requires": true,
  "packages": {
    "": {
      "name": "Zenn",
      "version": "1.0.0",
      "license": "ISC",
      "dependencies": {
        "zenn-cli": "^0.1.130"
      }
    },
    "node_modules/zenn-cli": {
      "version": "0.1.130",
      "resolved": "https://registry.npmjs.org/zenn-cli/-/zenn-cli-0.1.130.tgz",
      "integrity": "sha512-4dKy+UaN7QzhXIZjIN9jkaL0fOgMhatFKCMYojZDqmZ83dD/gX84RAj68z6/dHm5Hs/eqqMrsdO9vac5GH8+9Q==",
      "bin": {
        "zenn": "dist/server/zenn.js"
      },
      "engines": {
        "node": ">=14.0.0"
      }
    }
  },
  "dependencies": {
    "zenn-cli": {
      "version": "0.1.130",
      "resolved": "https://registry.npmjs.org/zenn-cli/-/zenn-cli-0.1.130.tgz",
      "integrity": "sha512-4dKy+UaN7QzhXIZjIN9jkaL0fOgMhatFKCMYojZDqmZ83dD/gX84RAj68z6/dHm5Hs/eqqMrsdO9vac5GH8+9Q=="
    }
  }
}
